
Microsoft Visual Studio Solution File, Format Version 12.00
# Visual Studio Version 16
VisualStudioVersion = 16.0.29001.49
MinimumVisualStudioVersion = 10.0.40219.1
Project("{FAE04EC0-301F-11D3-BF4B-00C04F79EFBC}") = "scrublords", "scrublords.csproj", "{8AA2B2EA-8158-42D6-9799-CC367270967D}"
EndProject
Global
	GlobalSection(SolutionConfigurationPlatforms) = preSolution
		Debug|Any CPU = Debug|Any CPU
		Release|Any CPU = Release|Any CPU
	EndGlobalSection
	GlobalSection(ProjectConfigurationPlatforms) = postSolution
		{8AA2B2EA-8158-42D6-9799-CC367270967D}.Debug|Any CPU.ActiveCfg = Debug|Any CPU
		{8AA2B2EA-8158-42D6-9799-CC367270967D}.Debug|Any CPU.Build.0 = Debug|Any CPU
		{8AA2B2EA-8158-42D6-9799-CC367270967D}.Release|Any CPU.ActiveCfg = Release|Any CPU
		{8AA2B2EA-8158-42D6-9799-CC367270967D}.Release|Any CPU.Build.0 = Release|Any CPU
	EndGlobalSection
	GlobalSection(SolutionProperties) = preSolution
		HideSolutionNode = FALSE
	EndGlobalSection
	GlobalSection(ExtensibilityGlobals) = postSolution
		SolutionGuid = {8E4288D3-58B5-4700-8844-013885C9511B}
	EndGlobalSection
EndGlobal
